// !$*UTF8*$!
{
	archiveVersion = 1;
	classes = {
	};
	objectVersion = 50;
	objects = {

/* Begin PBXBuildFile section */
		AB4E2019223D3B2100F43F27 /* SystemProvider.swift in Sources */ = {isa = PBXBuildFile; fileRef = AB4E2017223D3B2100F43F27 /* SystemProvider.swift */; };
		AB4E201A223D3B2100F43F27 /* SystemCapability.swift in Sources */ = {isa = PBXBuildFile; fileRef = AB4E2018223D3B2100F43F27 /* SystemCapability.swift */; };
		AB4E2020223D3B4500F43F27 /* Assets.xcassets in Resources */ = {isa = PBXBuildFile; fileRef = AB4E201C223D3B4500F43F27 /* Assets.xcassets */; };
		AB4E2021223D3B4500F43F27 /* AppDelegate.swift in Sources */ = {isa = PBXBuildFile; fileRef = AB4E201D223D3B4500F43F27 /* AppDelegate.swift */; };
		AB4E202D223D3BDC00F43F27 /* MovieDatabaseManager.swift in Sources */ = {isa = PBXBuildFile; fileRef = AB4E2029223D3BDC00F43F27 /* MovieDatabaseManager.swift */; };
		AB4E202E223D3BDC00F43F27 /* MainApp.swift in Sources */ = {isa = PBXBuildFile; fileRef = AB4E202A223D3BDC00F43F27 /* MainApp.swift */; };
		AB4E202F223D3BDC00F43F27 /* UserManager.swift in Sources */ = {isa = PBXBuildFile; fileRef = AB4E202B223D3BDC00F43F27 /* UserManager.swift */; };
		AB4E2030223D3BDC00F43F27 /* BookingMovieManager.swift in Sources */ = {isa = PBXBuildFile; fileRef = AB4E202C223D3BDC00F43F27 /* BookingMovieManager.swift */; };
		AB4E2036223D3BEB00F43F27 /* DiscoverMovieTableTableViewController.swift in Sources */ = {isa = PBXBuildFile; fileRef = AB4E2032223D3BEB00F43F27 /* DiscoverMovieTableTableViewController.swift */; };
		AB4E2037223D3BEB00F43F27 /* Main.storyboard in Resources */ = {isa = PBXBuildFile; fileRef = AB4E2033223D3BEB00F43F27 /* Main.storyboard */; };
		AB4E2038223D3BEB00F43F27 /* MovieDetailViewController.swift in Sources */ = {isa = PBXBuildFile; fileRef = AB4E2035223D3BEB00F43F27 /* MovieDetailViewController.swift */; };
		AB4E203F223D3C0B00F43F27 /* LaunchScreen.storyboard in Resources */ = {isa = PBXBuildFile; fileRef = AB4E203D223D3C0B00F43F27 /* LaunchScreen.storyboard */; };
		AB4E2042223D755300F43F27 /* UserManagerTests.swift in Sources */ = {isa = PBXBuildFile; fileRef = AB4E2041223D755300F43F27 /* UserManagerTests.swift */; };
		AB4E2043223D757000F43F27 /* UserManager.swift in Sources */ = {isa = PBXBuildFile; fileRef = AB4E202B223D3BDC00F43F27 /* UserManager.swift */; };
		AB4E2044223D75A600F43F27 /* SystemCapability.swift in Sources */ = {isa = PBXBuildFile; fileRef = AB4E2018223D3B2100F43F27 /* SystemCapability.swift */; };
		AB4E2045223D75A600F43F27 /* SystemProvider.swift in Sources */ = {isa = PBXBuildFile; fileRef = AB4E2017223D3B2100F43F27 /* SystemProvider.swift */; };
		AB4E2047223D75C900F43F27 /* TestUtils.swift in Sources */ = {isa = PBXBuildFile; fileRef = AB4E2046223D75C900F43F27 /* TestUtils.swift */; };
		AB4E2049223D77E400F43F27 /* BookingMovieManagerTests.swift in Sources */ = {isa = PBXBuildFile; fileRef = AB4E2048223D77E400F43F27 /* BookingMovieManagerTests.swift */; };
		AB4E204A223D77E700F43F27 /* BookingMovieManager.swift in Sources */ = {isa = PBXBuildFile; fileRef = AB4E202C223D3BDC00F43F27 /* BookingMovieManager.swift */; };
/* End PBXBuildFile section */

/* Begin PBXContainerItemProxy section */
		AB4E1FF6223CA43000F43F27 /* PBXContainerItemProxy */ = {
			isa = PBXContainerItemProxy;
			containerPortal = AB4E1FD9223CA42E00F43F27 /* Project object */;
			proxyType = 1;
			remoteGlobalIDString = AB4E1FE0223CA42E00F43F27;
			remoteInfo = DiscoverMovie;
		};
/* End PBXContainerItemProxy section */

/* Begin PBXFileReference section */
		AB4E1FE1223CA42E00F43F27 /* DiscoverMovie.app */ = {isa = PBXFileReference; explicitFileType = wrapper.application; includeInIndex = 0; path = DiscoverMovie.app; sourceTree = BUILT_PRODUCTS_DIR; };
		AB4E1FF5223CA43000F43F27 /* DiscoverMovieTests.xctest */ = {isa = PBXFileReference; explicitFileType = wrapper.cfbundle; includeInIndex = 0; path = DiscoverMovieTests.xctest; sourceTree = BUILT_PRODUCTS_DIR; };
		AB4E2017223D3B2100F43F27 /* SystemProvider.swift */ = {isa = PBXFileReference; fileEncoding = 4; lastKnownFileType = sourcecode.swift; path = SystemProvider.swift; sourceTree = "<group>"; };
		AB4E2018223D3B2100F43F27 /* SystemCapability.swift */ = {isa = PBXFileReference; fileEncoding = 4; lastKnownFileType = sourcecode.swift; path = SystemCapability.swift; sourceTree = "<group>"; };
		AB4E201C223D3B4500F43F27 /* Assets.xcassets */ = {isa = PBXFileReference; lastKnownFileType = folder.assetcatalog; path = Assets.xcassets; sourceTree = "<group>"; };
		AB4E201D223D3B4500F43F27 /* AppDelegate.swift */ = {isa = PBXFileReference; fileEncoding = 4; lastKnownFileType = sourcecode.swift; path = AppDelegate.swift; sourceTree = "<group>"; };
		AB4E201E223D3B4500F43F27 /* Info.plist */ = {isa = PBXFileReference; fileEncoding = 4; lastKnownFileType = text.plist.xml; path = Info.plist; sourceTree = "<group>"; };
		AB4E2029223D3BDC00F43F27 /* MovieDatabaseManager.swift */ = {isa = PBXFileReference; fileEncoding = 4; lastKnownFileType = sourcecode.swift; path = MovieDatabaseManager.swift; sourceTree = "<group>"; };
		AB4E202A223D3BDC00F43F27 /* MainApp.swift */ = {isa = PBXFileReference; fileEncoding = 4; lastKnownFileType = sourcecode.swift; path = MainApp.swift; sourceTree = "<group>"; };
		AB4E202B223D3BDC00F43F27 /* UserManager.swift */ = {isa = PBXFileReference; fileEncoding = 4; lastKnownFileType = sourcecode.swift; path = UserManager.swift; sourceTree = "<group>"; };
		AB4E202C223D3BDC00F43F27 /* BookingMovieManager.swift */ = {isa = PBXFileReference; fileEncoding = 4; lastKnownFileType = sourcecode.swift; path = BookingMovieManager.swift; sourceTree = "<group>"; };
		AB4E2032223D3BEB00F43F27 /* DiscoverMovieTableTableViewController.swift */ = {isa = PBXFileReference; fileEncoding = 4; lastKnownFileType = sourcecode.swift; path = DiscoverMovieTableTableViewController.swift; sourceTree = "<group>"; };
		AB4E2034223D3BEB00F43F27 /* Base */ = {isa = PBXFileReference; lastKnownFileType = file.storyboard; name = Base; path = Base.lproj/Main.storyboard; sourceTree = "<group>"; };
		AB4E2035223D3BEB00F43F27 /* MovieDetailViewController.swift */ = {isa = PBXFileReference; fileEncoding = 4; lastKnownFileType = sourcecode.swift; path = MovieDetailViewController.swift; sourceTree = "<group>"; };
		AB4E203E223D3C0B00F43F27 /* Base */ = {isa = PBXFileReference; lastKnownFileType = file.storyboard; name = Base; path = Base.lproj/LaunchScreen.storyboard; sourceTree = "<group>"; };
		AB4E2041223D755300F43F27 /* UserManagerTests.swift */ = {isa = PBXFileReference; lastKnownFileType = sourcecode.swift; path = UserManagerTests.swift; sourceTree = "<group>"; };
		AB4E2046223D75C900F43F27 /* TestUtils.swift */ = {isa = PBXFileReference; lastKnownFileType = sourcecode.swift; path = TestUtils.swift; sourceTree = "<group>"; };
		AB4E2048223D77E400F43F27 /* BookingMovieManagerTests.swift */ = {isa = PBXFileReference; lastKnownFileType = sourcecode.swift; path = BookingMovieManagerTests.swift; sourceTree = "<group>"; };
/* End PBXFileReference section */

/* Begin PBXFrameworksBuildPhase section */
		AB4E1FDE223CA42E00F43F27 /* Frameworks */ = {
			isa = PBXFrameworksBuildPhase;
			buildActionMask = 2147483647;
			files = (
			);
			runOnlyForDeploymentPostprocessing = 0;
		};
		AB4E1FF2223CA43000F43F27 /* Frameworks */ = {
			isa = PBXFrameworksBuildPhase;
			buildActionMask = 2147483647;
			files = (
			);
			runOnlyForDeploymentPostprocessing = 0;
		};
/* End PBXFrameworksBuildPhase section */

/* Begin PBXGroup section */
		AB4E1FD8223CA42E00F43F27 = {
			isa = PBXGroup;
			children = (
				AB4E1FE3223CA42E00F43F27 /* DiscoverMovie */,
				AB4E1FF8223CA43000F43F27 /* DiscoverMovieTests */,
				AB4E1FE2223CA42E00F43F27 /* Products */,
			);
			sourceTree = "<group>";
		};
		AB4E1FE2223CA42E00F43F27 /* Products */ = {
			isa = PBXGroup;
			children = (
				AB4E1FE1223CA42E00F43F27 /* DiscoverMovie.app */,
				AB4E1FF5223CA43000F43F27 /* DiscoverMovieTests.xctest */,
			);
			name = Products;
			sourceTree = "<group>";
		};
		AB4E1FE3223CA42E00F43F27 /* DiscoverMovie */ = {
			isa = PBXGroup;
			children = (
				AB4E2031223D3BEB00F43F27 /* View */,
				AB4E2028223D3BDC00F43F27 /* MainApp */,
				AB4E2040223D6E4D00F43F27 /* Manager */,
				AB4E200C223CD21100F43F27 /* Foundation */,
				AB4E201D223D3B4500F43F27 /* AppDelegate.swift */,
				AB4E201C223D3B4500F43F27 /* Assets.xcassets */,
				AB4E203D223D3C0B00F43F27 /* LaunchScreen.storyboard */,
				AB4E201E223D3B4500F43F27 /* Info.plist */,
			);
			path = DiscoverMovie;
			sourceTree = "<group>";
		};
		AB4E1FF8223CA43000F43F27 /* DiscoverMovieTests */ = {
			isa = PBXGroup;
			children = (
				AB4E2046223D75C900F43F27 /* TestUtils.swift */,
				AB4E2041223D755300F43F27 /* UserManagerTests.swift */,
				AB4E2048223D77E400F43F27 /* BookingMovieManagerTests.swift */,
			);
			path = DiscoverMovieTests;
			sourceTree = "<group>";
		};
		AB4E200C223CD21100F43F27 /* Foundation */ = {
			isa = PBXGroup;
			children = (
				AB4E2018223D3B2100F43F27 /* SystemCapability.swift */,
				AB4E2017223D3B2100F43F27 /* SystemProvider.swift */,
			);
			path = Foundation;
			sourceTree = "<group>";
		};
		AB4E2028223D3BDC00F43F27 /* MainApp */ = {
			isa = PBXGroup;
			children = (
				AB4E202A223D3BDC00F43F27 /* MainApp.swift */,
			);
			path = MainApp;
			sourceTree = "<group>";
		};
		AB4E2031223D3BEB00F43F27 /* View */ = {
			isa = PBXGroup;
			children = (
				AB4E2032223D3BEB00F43F27 /* DiscoverMovieTableTableViewController.swift */,
				AB4E2033223D3BEB00F43F27 /* Main.storyboard */,
				AB4E2035223D3BEB00F43F27 /* MovieDetailViewController.swift */,
			);
			path = View;
			sourceTree = "<group>";
		};
		AB4E2040223D6E4D00F43F27 /* Manager */ = {
			isa = PBXGroup;
			children = (
				AB4E202B223D3BDC00F43F27 /* UserManager.swift */,
				AB4E2029223D3BDC00F43F27 /* MovieDatabaseManager.swift */,
				AB4E202C223D3BDC00F43F27 /* BookingMovieManager.swift */,
			);
			path = Manager;
			sourceTree = "<group>";
		};
/* End PBXGroup section */

/* Begin PBXNativeTarget section */
		AB4E1FE0223CA42E00F43F27 /* DiscoverMovie */ = {
			isa = PBXNativeTarget;
			buildConfigurationList = AB4E1FFE223CA43000F43F27 /* Build configuration list for PBXNativeTarget "DiscoverMovie" */;
			buildPhases = (
				AB4E1FDD223CA42E00F43F27 /* Sources */,
				AB4E1FDE223CA42E00F43F27 /* Frameworks */,
				AB4E1FDF223CA42E00F43F27 /* Resources */,
			);
			buildRules = (
			);
			dependencies = (
			);
			name = DiscoverMovie;
			productName = DiscoverMovie;
			productReference = AB4E1FE1223CA42E00F43F27 /* DiscoverMovie.app */;
			productType = "com.apple.product-type.application";
		};
		AB4E1FF4223CA43000F43F27 /* DiscoverMovieTests */ = {
			isa = PBXNativeTarget;
			buildConfigurationList = AB4E2001223CA43000F43F27 /* Build configuration list for PBXNativeTarget "DiscoverMovieTests" */;
			buildPhases = (
				AB4E1FF1223CA43000F43F27 /* Sources */,
				AB4E1FF2223CA43000F43F27 /* Frameworks */,
				AB4E1FF3223CA43000F43F27 /* Resources */,
			);
			buildRules = (
			);
			dependencies = (
				AB4E1FF7223CA43000F43F27 /* PBXTargetDependency */,
			);
			name = DiscoverMovieTests;
			productName = DiscoverMovieTests;
			productReference = AB4E1FF5223CA43000F43F27 /* DiscoverMovieTests.xctest */;
			productType = "com.apple.product-type.bundle.unit-test";
		};
/* End PBXNativeTarget section */

/* Begin PBXProject section */
		AB4E1FD9223CA42E00F43F27 /* Project object */ = {
			isa = PBXProject;
			attributes = {
				LastSwiftUpdateCheck = 1010;
				LastUpgradeCheck = 1010;
				ORGANIZATIONNAME = willsborKang;
				TargetAttributes = {
					AB4E1FE0223CA42E00F43F27 = {
						CreatedOnToolsVersion = 10.1;
						LastSwiftMigration = 1010;
					};
					AB4E1FF4223CA43000F43F27 = {
						CreatedOnToolsVersion = 10.1;
						LastSwiftMigration = 1010;
						TestTargetID = AB4E1FE0223CA42E00F43F27;
					};
				};
			};
			buildConfigurationList = AB4E1FDC223CA42E00F43F27 /* Build configuration list for PBXProject "DiscoverMovie" */;
			compatibilityVersion = "Xcode 9.3";
			developmentRegion = en;
			hasScannedForEncodings = 0;
			knownRegions = (
				en,
				Base,
			);
			mainGroup = AB4E1FD8223CA42E00F43F27;
			productRefGroup = AB4E1FE2223CA42E00F43F27 /* Products */;
			projectDirPath = "";
			projectRoot = "";
			targets = (
				AB4E1FE0223CA42E00F43F27 /* DiscoverMovie */,
				AB4E1FF4223CA43000F43F27 /* DiscoverMovieTests */,
			);
		};
/* End PBXProject section */

/* Begin PBXResourcesBuildPhase section */
		AB4E1FDF223CA42E00F43F27 /* Resources */ = {
			isa = PBXResourcesBuildPhase;
			buildActionMask = 2147483647;
			files = (
				AB4E2020223D3B4500F43F27 /* Assets.xcassets in Resources */,
				AB4E203F223D3C0B00F43F27 /* LaunchScreen.storyboard in Resources */,
				AB4E2037223D3BEB00F43F27 /* Main.storyboard in Resources */,
			);
			runOnlyForDeploymentPostprocessing = 0;
		};
		AB4E1FF3223CA43000F43F27 /* Resources */ = {
			isa = PBXResourcesBuildPhase;
			buildActionMask = 2147483647;
			files = (
			);
			runOnlyForDeploymentPostprocessing = 0;
		};
/* End PBXResourcesBuildPhase section */

/* Begin PBXSourcesBuildPhase section */
		AB4E1FDD223CA42E00F43F27 /* Sources */ = {
			isa = PBXSourcesBuildPhase;
			buildActionMask = 2147483647;
			files = (
				AB4E2030223D3BDC00F43F27 /* BookingMovieManager.swift in Sources */,
				AB4E2021223D3B4500F43F27 /* AppDelegate.swift in Sources */,
				AB4E202D223D3BDC00F43F27 /* MovieDatabaseManager.swift in Sources */,
				AB4E202E223D3BDC00F43F27 /* MainApp.swift in Sources */,
				AB4E2036223D3BEB00F43F27 /* DiscoverMovieTableTableViewController.swift in Sources */,
				AB4E202F223D3BDC00F43F27 /* UserManager.swift in Sources */,
				AB4E201A223D3B2100F43F27 /* SystemCapability.swift in Sources */,
				AB4E2038223D3BEB00F43F27 /* MovieDetailViewController.swift in Sources */,
				AB4E2019223D3B2100F43F27 /* SystemProvider.swift in Sources */,
			);
			runOnlyForDeploymentPostprocessing = 0;
		};
		AB4E1FF1223CA43000F43F27 /* Sources */ = {
			isa = PBXSourcesBuildPhase;
			buildActionMask = 2147483647;
			files = (
				AB4E204A223D77E700F43F27 /* BookingMovieManager.swift in Sources */,
				AB4E2043223D757000F43F27 /* UserManager.swift in Sources */,
				AB4E2042223D755300F43F27 /* UserManagerTests.swift in Sources */,
				AB4E2049223D77E400F43F27 /* BookingMovieManagerTests.swift in Sources */,
				AB4E2044223D75A600F43F27 /* SystemCapability.swift in Sources */,
				AB4E2047223D75C900F43F27 /* TestUtils.swift in Sources */,
				AB4E2045223D75A600F43F27 /* SystemProvider.swift in Sources */,
			);
			runOnlyForDeploymentPostprocessing = 0;
		};
/* End PBXSourcesBuildPhase section */

/* Begin PBXTargetDependency section */
		AB4E1FF7223CA43000F43F27 /* PBXTargetDependency */ = {
			isa = PBXTargetDependency;
			target = AB4E1FE0223CA42E00F43F27 /* DiscoverMovie */;
			targetProxy = AB4E1FF6223CA43000F43F27 /* PBXContainerItemProxy */;
		};
/* End PBXTargetDependency section */

/* Begin PBXVariantGroup section */
		AB4E2033223D3BEB00F43F27 /* Main.storyboard */ = {
			isa = PBXVariantGroup;
			children = (
				AB4E2034223D3BEB00F43F27 /* Base */,
			);
			name = Main.storyboard;
			sourceTree = "<group>";
		};
		AB4E203D223D3C0B00F43F27 /* LaunchScreen.storyboard */ = {
			isa = PBXVariantGroup;
			children = (
				AB4E203E223D3C0B00F43F27 /* Base */,
			);
			name = LaunchScreen.storyboard;
			sourceTree = "<group>";
		};
/* End PBXVariantGroup section */

/* Begin XCBuildConfiguration section */
		AB4E1FFC223CA43000F43F27 /* Debug */ = {
			isa = XCBuildConfiguration;
			buildSettings = {
				ALWAYS_SEARCH_USER_PATHS = NO;
				CLANG_ANALYZER_NONNULL = YES;
				CLANG_ANALYZER_NUMBER_OBJECT_CONVERSION = YES_AGGRESSIVE;
				CLANG_CXX_LANGUAGE_STANDARD = "gnu++14";
				CLANG_CXX_LIBRARY = "libc++";
				CLANG_ENABLE_MODULES = YES;
				CLANG_ENABLE_OBJC_ARC = YES;
				CLANG_ENABLE_OBJC_WEAK = YES;
				CLANG_WARN_BLOCK_CAPTURE_AUTORELEASING = YES;
				CLANG_WARN_BOOL_CONVERSION = YES;
				CLANG_WARN_COMMA = YES;
				CLANG_WARN_CONSTANT_CONVERSION = YES;
				CLANG_WARN_DEPRECATED_OBJC_IMPLEMENTATIONS = YES;
				CLANG_WARN_DIRECT_OBJC_ISA_USAGE = YES_ERROR;
				CLANG_WARN_DOCUMENTATION_COMMENTS = YES;
				CLANG_WARN_EMPTY_BODY = YES;
				CLANG_WARN_ENUM_CONVERSION = YES;
				CLANG_WARN_INFINITE_RECURSION = YES;
				CLANG_WARN_INT_CONVERSION = YES;
				CLANG_WARN_NON_LITERAL_NULL_CONVERSION = YES;
				CLANG_WARN_OBJC_IMPLICIT_RETAIN_SELF = YES;
				CLANG_WARN_OBJC_LITERAL_CONVERSION = YES;
				CLANG_WARN_OBJC_ROOT_CLASS = YES_ERROR;
				CLANG_WARN_RANGE_LOOP_ANALYSIS = YES;
				CLANG_WARN_STRICT_PROTOTYPES = YES;
				CLANG_WARN_SUSPICIOUS_MOVE = YES;
				CLANG_WARN_UNGUARDED_AVAILABILITY = YES_AGGRESSIVE;
				CLANG_WARN_UNREACHABLE_CODE = YES;
				CLANG_WARN__DUPLICATE_METHOD_MATCH = YES;
				CODE_SIGN_IDENTITY = "iPhone Developer";
				COPY_PHASE_STRIP = NO;
				DEBUG_INFORMATION_FORMAT = dwarf;
				ENABLE_STRICT_OBJC_MSGSEND = YES;
				ENABLE_TESTABILITY = YES;
				GCC_C_LANGUAGE_STANDARD = gnu11;
				GCC_DYNAMIC_NO_PIC = NO;
				GCC_NO_COMMON_BLOCKS = YES;
				GCC_OPTIMIZATION_LEVEL = 0;
				GCC_PREPROCESSOR_DEFINITIONS = (
					"DEBUG=1",
					"$(inherited)",
				);
				GCC_WARN_64_TO_32_BIT_CONVERSION = YES;
				GCC_WARN_ABOUT_RETURN_TYPE = YES_ERROR;
				GCC_WARN_UNDECLARED_SELECTOR = YES;
				GCC_WARN_UNINITIALIZED_AUTOS = YES_AGGRESSIVE;
				GCC_WARN_UNUSED_FUNCTION = YES;
				GCC_WARN_UNUSED_VARIABLE = YES;
				IPHONEOS_DEPLOYMENT_TARGET = 12.1;
				MTL_ENABLE_DEBUG_INFO = INCLUDE_SOURCE;
				MTL_FAST_MATH = YES;
				ONLY_ACTIVE_ARCH = YES;
				SDKROOT = iphoneos;
				SWIFT_ACTIVE_COMPILATION_CONDITIONS = DEBUG;
				SWIFT_OPTIMIZATION_LEVEL = "-Onone";
			};
			name = Debug;
		};
		AB4E1FFD223CA43000F43F27 /* Release */ = {
			isa = XCBuildConfiguration;
			buildSettings = {
				ALWAYS_SEARCH_USER_PATHS = NO;
				CLANG_ANALYZER_NONNULL = YES;
				CLANG_ANALYZER_NUMBER_OBJECT_CONVERSION = YES_AGGRESSIVE;
				CLANG_CXX_LANGUAGE_STANDARD = "gnu++14";
				CLANG_CXX_LIBRARY = "libc++";
				CLANG_ENABLE_MODULES = YES;
				CLANG_ENABLE_OBJC_ARC = YES;
				CLANG_ENABLE_OBJC_WEAK = YES;
				CLANG_WARN_BLOCK_CAPTURE_AUTORELEASING = YES;
				CLANG_WARN_BOOL_CONVERSION = YES;
				CLANG_WARN_COMMA = YES;
				CLANG_WARN_CONSTANT_CONVERSION = YES;
				CLANG_WARN_DEPRECATED_OBJC_IMPLEMENTATIONS = YES;
				CLANG_WARN_DIRECT_OBJC_ISA_USAGE = YES_ERROR;
				CLANG_WARN_DOCUMENTATION_COMMENTS = YES;
				CLANG_WARN_EMPTY_BODY = YES;
				CLANG_WARN_ENUM_CONVERSION = YES;
				CLANG_WARN_INFINITE_RECURSION = YES;
				CLANG_WARN_INT_CONVERSION = YES;
				CLANG_WARN_NON_LITERAL_NULL_CONVERSION = YES;
				CLANG_WARN_OBJC_IMPLICIT_RETAIN_SELF = YES;
				CLANG_WARN_OBJC_LITERAL_CONVERSION = YES;
				CLANG_WARN_OBJC_ROOT_CLASS = YES_ERROR;
				CLANG_WARN_RANGE_LOOP_ANALYSIS = YES;
				CLANG_WARN_STRICT_PROTOTYPES = YES;
				CLANG_WARN_SUSPICIOUS_MOVE = YES;
				CLANG_WARN_UNGUARDED_AVAILABILITY = YES_AGGRESSIVE;
				CLANG_WARN_UNREACHABLE_CODE = YES;
				CLANG_WARN__DUPLICATE_METHOD_MATCH = YES;
				CODE_SIGN_IDENTITY = "iPhone Developer";
				COPY_PHASE_STRIP = NO;
				DEBUG_INFORMATION_FORMAT = "dwarf-with-dsym";
				ENABLE_NS_ASSERTIONS = NO;
				ENABLE_STRICT_OBJC_MSGSEND = YES;
				GCC_C_LANGUAGE_STANDARD = gnu11;
				GCC_NO_COMMON_BLOCKS = YES;
				GCC_WARN_64_TO_32_BIT_CONVERSION = YES;
				GCC_WARN_ABOUT_RETURN_TYPE = YES_ERROR;
				GCC_WARN_UNDECLARED_SELECTOR = YES;
				GCC_WARN_UNINITIALIZED_AUTOS = YES_AGGRESSIVE;
				GCC_WARN_UNUSED_FUNCTION = YES;
				GCC_WARN_UNUSED_VARIABLE = YES;
				IPHONEOS_DEPLOYMENT_TARGET = 12.1;
				MTL_ENABLE_DEBUG_INFO = NO;
				MTL_FAST_MATH = YES;
				SDKROOT = iphoneos;
				SWIFT_COMPILATION_MODE = wholemodule;
				SWIFT_OPTIMIZATION_LEVEL = "-O";
				VALIDATE_PRODUCT = YES;
			};
			name = Release;
		};
		AB4E1FFF223CA43000F43F27 /* Debug */ = {
			isa = XCBuildConfiguration;
			buildSettings = {
				ASSETCATALOG_COMPILER_APPICON_NAME = AppIcon;
				CLANG_ENABLE_MODULES = YES;
				CODE_SIGN_STYLE = Automatic;
				INFOPLIST_FILE = DiscoverMovie/Info.plist;
				LD_RUNPATH_SEARCH_PATHS = (
					"$(inherited)",
					"@executable_path/Frameworks",
				);
				PRODUCT_BUNDLE_IDENTIFIER = com.willsbor.DiscoverMovie;
				PRODUCT_NAME = "$(TARGET_NAME)";
				SWIFT_OPTIMIZATION_LEVEL = "-Onone";
				SWIFT_VERSION = 4.2;
				TARGETED_DEVICE_FAMILY = "1,2";
			};
			name = Debug;
		};
		AB4E2000223CA43000F43F27 /* Release */ = {
			isa = XCBuildConfiguration;
			buildSettings = {
				ASSETCATALOG_COMPILER_APPICON_NAME = AppIcon;
				CLANG_ENABLE_MODULES = YES;
				CODE_SIGN_STYLE = Automatic;
				INFOPLIST_FILE = DiscoverMovie/Info.plist;
				LD_RUNPATH_SEARCH_PATHS = (
					"$(inherited)",
					"@executable_path/Frameworks",
				);
				PRODUCT_BUNDLE_IDENTIFIER = com.willsbor.DiscoverMovie;
				PRODUCT_NAME = "$(TARGET_NAME)";
				SWIFT_VERSION = 4.2;
				TARGETED_DEVICE_FAMILY = "1,2";
			};
			name = Release;
		};
		AB4E2002223CA43000F43F27 /* Debug */ = {
			isa = XCBuildConfiguration;
			buildSettings = {
				ALWAYS_EMBED_SWIFT_STANDARD_LIBRARIES = YES;
				BUNDLE_LOADER = "$(TEST_HOST)";
				CLANG_ENABLE_MODULES = YES;
				CODE_SIGN_STYLE = Automatic;
				INFOPLIST_FILE = DiscoverMovieTests/Info.plist;
				LD_RUNPATH_SEARCH_PATHS = (
					"$(inherited)",
					"@executable_path/Frameworks",
					"@loader_path/Frameworks",
				);
				PRODUCT_BUNDLE_IDENTIFIER = com.willsbor.DiscoverMovieTests;
				PRODUCT_NAME = "$(TARGET_NAME)";
				SWIFT_OPTIMIZATION_LEVEL = "-Onone";
				SWIFT_VERSION = 4.2;
				TARGETED_DEVICE_FAMILY = "1,2";
				TEST_HOST = "$(BUILT_PRODUCTS_DIR)/DiscoverMovie.app/DiscoverMovie";
			};
			name = Debug;
		};
		AB4E2003223CA43000F43F27 /* Release */ = {
			isa = XCBuildConfiguration;
			buildSettings = {
				ALWAYS_EMBED_SWIFT_STANDARD_LIBRARIES = YES;
				BUNDLE_LOADER = "$(TEST_HOST)";
				CLANG_ENABLE_MODULES = YES;
				CODE_SIGN_STYLE = Automatic;
				INFOPLIST_FILE = DiscoverMovieTests/Info.plist;
				LD_RUNPATH_SEARCH_PATHS = (
					"$(inherited)",
					"@executable_path/Frameworks",
					"@loader_path/Frameworks",
				);
				PRODUCT_BUNDLE_IDENTIFIER = com.willsbor.DiscoverMovieTests;
				PRODUCT_NAME = "$(TARGET_NAME)";
				SWIFT_VERSION = 4.2;
				TARGETED_DEVICE_FAMILY = "1,2";
				TEST_HOST = "$(BUILT_PRODUCTS_DIR)/DiscoverMovie.app/DiscoverMovie";
			};
			name = Release;
		};
/* End XCBuildConfiguration section */

/* Begin XCConfigurationList section */
		AB4E1FDC223CA42E00F43F27 /* Build configuration list for PBXProject "DiscoverMovie" */ = {
			isa = XCConfigurationList;
			buildConfigurations = (
				AB4E1FFC223CA43000F43F27 /* Debug */,
				AB4E1FFD223CA43000F43F27 /* Release */,
			);
			defaultConfigurationIsVisible = 0;
			defaultConfigurationName = Release;
		};
		AB4E1FFE223CA43000F43F27 /* Build configuration list for PBXNativeTarget "DiscoverMovie" */ = {
			isa = XCConfigurationList;
			buildConfigurations = (
				AB4E1FFF223CA43000F43F27 /* Debug */,
				AB4E2000223CA43000F43F27 /* Release */,
			);
			defaultConfigurationIsVisible = 0;
			defaultConfigurationName = Release;
		};
		AB4E2001223CA43000F43F27 /* Build configuration list for PBXNativeTarget "DiscoverMovieTests" */ = {
			isa = XCConfigurationList;
			buildConfigurations = (
				AB4E2002223CA43000F43F27 /* Debug */,
				AB4E2003223CA43000F43F27 /* Release */,
			);
			defaultConfigurationIsVisible = 0;
			defaultConfigurationName = Release;
		};
/* End XCConfigurationList section */
	};
	rootObject = AB4E1FD9223CA42E00F43F27 /* Project object */;
}
